<?xml version="1.0" encoding="utf-8"?>
<Project ToolsVersion="4.0" xmlns="http://schemas.microsoft.com/developer/msbuild/2003">
  <ItemGroup>
    <ClCompile Include="glad.c">
      <Filter>basic</Filter>
    </ClCompile>
    <ClCompile Include="main.cpp">
      <Filter>basic</Filter>
    </ClCompile>
    <ClCompile Include="src\dimg.cpp">
      <Filter>api</Filter>
    </ClCompile>
    <ClCompile Include="src\Shader.cpp">
      <Filter>api</Filter>
    </ClCompile>
  </ItemGroup>
  <ItemGroup>
    <None Include="assets\shaders\basic.frag">
      <Filter>basic</Filter>
    </None>
    <None Include="assets\shaders\basic.vert">
      <Filter>basic</Filter>
    </None>
    <None Include="src\shaders\basic.frag">
      <Filter>api\shaders</Filter>
    </None>
    <None Include="src\shaders\basic.vert">
      <Filter>api\shaders</Filter>
    </None>
    <None Include="src\shaders\negative.frag">
      <Filter>api\shaders</Filter>
    </None>
    <None Include="src\shaders\negative.vert">
      <Filter>api\shaders</Filter>
    </None>
    <None Include="src\shaders\blackandwhite.frag">
      <Filter>api\shaders</Filter>
    </None>
    <None Include="src\shaders\blackandwhite.vert">
      <Filter>api\shaders</Filter>
    </None>
    <None Include="src\shaders\gaussianLaplace.frag">
      <Filter>api\shaders</Filter>
    </None>
    <None Include="src\shaders\gaussianLaplace.vert">
      <Filter>api\shaders</Filter>
    </None>
    <None Include="src\shaders\grayscale.frag">
      <Filter>api\shaders</Filter>
    </None>
    <None Include="src\shaders\grayscale.vert">
      <Filter>api\shaders</Filter>
    </None>
    <None Include="src\shaders\mean.frag">
      <Filter>api\shaders</Filter>
    </None>
    <None Include="src\shaders\mean.vert">
      <Filter>api\shaders</Filter>
    </None>
    <None Include="src\shaders\median.frag">
      <Filter>api\shaders</Filter>
    </None>
    <None Include="src\shaders\median.vert">
      <Filter>api\shaders</Filter>
    </None>
    <None Include="src\shaders\prewitt.frag">
      <Filter>api\shaders</Filter>
    </None>
    <None Include="src\shaders\prewitt.vert">
      <Filter>api\shaders</Filter>
    </None>
    <None Include="src\shaders\roberts.frag">
      <Filter>api\shaders</Filter>
    </None>
    <None Include="src\shaders\roberts.vert">
      <Filter>api\shaders</Filter>
    </None>
    <None Include="src\shaders\sobel.frag">
      <Filter>api\shaders</Filter>
    </None>
    <None Include="src\shaders\sobel.vert">
      <Filter>api\shaders</Filter>
    </None>
    <None Include="src\shaders\toonshading.frag">
      <Filter>api\shaders</Filter>
    </None>
    <None Include="src\shaders\toonshading.vert">
      <Filter>api\shaders</Filter>
    </None>
  </ItemGroup>
  <ItemGroup>
    <Filter Include="basic">
      <UniqueIdentifier>{20ff8d18-044f-45c4-b1f7-90b2bd47c3d1}</UniqueIdentifier>
    </Filter>
    <Filter Include="api">
      <UniqueIdentifier>{e98a93c6-99c8-4987-b671-162c9381882c}</UniqueIdentifier>
    </Filter>
    <Filter Include="api\shaders">
      <UniqueIdentifier>{e0e2e6ff-84b0-4bab-877c-2e6bd8c2e5e2}</UniqueIdentifier>
    </Filter>
  </ItemGroup>
  <ItemGroup>
    <ClInclude Include="src\dimg.h">
      <Filter>api</Filter>
    </ClInclude>
    <ClInclude Include="src\Shader.h">
      <Filter>api</Filter>
    </ClInclude>
  </ItemGroup>
</Project>